
Microsoft Visual Studio Solution File, Format Version 12.00
# Visual Studio 15
VisualStudioVersion = 15.0.28307.329
MinimumVisualStudioVersion = 10.0.40219.1
Project("{FAE04EC0-301F-11D3-BF4B-00C04F79EFBC}") = "FcomClient", "FcomClient\FcomClient.csproj", "{045D79BF-2195-4F88-9802-A9FA28FB0F9F}"
EndProject
Global
	GlobalSection(SolutionConfigurationPlatforms) = preSolution
		Debug|Any CPU = Debug|Any CPU
		Debug-params|Any CPU = Debug-params|Any CPU
		Release|Any CPU = Release|Any CPU
	EndGlobalSection
	GlobalSection(ProjectConfigurationPlatforms) = postSolution
		{045D79BF-2195-4F88-9802-A9FA28FB0F9F}.Debug|Any CPU.ActiveCfg = Debug|Any CPU
		{045D79BF-2195-4F88-9802-A9FA28FB0F9F}.Debug|Any CPU.Build.0 = Debug|Any CPU
		{045D79BF-2195-4F88-9802-A9FA28FB0F9F}.Debug-params|Any CPU.ActiveCfg = Debug-params|Any CPU
		{045D79BF-2195-4F88-9802-A9FA28FB0F9F}.Debug-params|Any CPU.Build.0 = Debug-params|Any CPU
		{045D79BF-2195-4F88-9802-A9FA28FB0F9F}.Release|Any CPU.ActiveCfg = Release|Any CPU
		{045D79BF-2195-4F88-9802-A9FA28FB0F9F}.Release|Any CPU.Build.0 = Release|Any CPU
	EndGlobalSection
	GlobalSection(SolutionProperties) = preSolution
		HideSolutionNode = FALSE
	EndGlobalSection
	GlobalSection(ExtensibilityGlobals) = postSolution
		SolutionGuid = {EE2870C4-7418-44F7-9403-5ED5CCA9972F}
	EndGlobalSection
EndGlobal
